// !$*UTF8*$!
{
	archiveVersion = 1;
	classes = {
	};
	objectVersion = 56;
	objects = {

/* Begin PBXBuildFile section */
		C63AA0CF29F290FF00C253E0 /* AppDelegate.swift in Sources */ = {isa = PBXBuildFile; fileRef = C63AA0CE29F290FF00C253E0 /* AppDelegate.swift */; };
		C63AA0D129F290FF00C253E0 /* SceneDelegate.swift in Sources */ = {isa = PBXBuildFile; fileRef = C63AA0D029F290FF00C253E0 /* SceneDelegate.swift */; };
		C63AA0D329F290FF00C253E0 /* FeaturedAppController.swift in Sources */ = {isa = PBXBuildFile; fileRef = C63AA0D229F290FF00C253E0 /* FeaturedAppController.swift */; };
		C63AA0D629F290FF00C253E0 /* Main.storyboard in Resources */ = {isa = PBXBuildFile; fileRef = C63AA0D429F290FF00C253E0 /* Main.storyboard */; };
		C63AA0D829F2910300C253E0 /* Assets.xcassets in Resources */ = {isa = PBXBuildFile; fileRef = C63AA0D729F2910300C253E0 /* Assets.xcassets */; };
		C63AA0DB29F2910300C253E0 /* LaunchScreen.storyboard in Resources */ = {isa = PBXBuildFile; fileRef = C63AA0D929F2910300C253E0 /* LaunchScreen.storyboard */; };
		C63AA0E329F2925800C253E0 /* CategoryCell.swift in Sources */ = {isa = PBXBuildFile; fileRef = C63AA0E229F2925800C253E0 /* CategoryCell.swift */; };
		C63AA0E529F2C20100C253E0 /* AppCell.swift in Sources */ = {isa = PBXBuildFile; fileRef = C63AA0E429F2C20100C253E0 /* AppCell.swift */; };
		C665FDF129F7C25700A2A99A /* AppStoreData.swift in Sources */ = {isa = PBXBuildFile; fileRef = C665FDF029F7C25700A2A99A /* AppStoreData.swift */; };
		C692B3C129F684400051A351 /* Models.swift in Sources */ = {isa = PBXBuildFile; fileRef = C692B3C029F684400051A351 /* Models.swift */; };
		C692B3C329F6BCB90051A351 /* AppManager.swift in Sources */ = {isa = PBXBuildFile; fileRef = C692B3C229F6BCB90051A351 /* AppManager.swift */; };
/* End PBXBuildFile section */

/* Begin PBXFileReference section */
		C63AA0CB29F290FF00C253E0 /* AppStore.app */ = {isa = PBXFileReference; explicitFileType = wrapper.application; includeInIndex = 0; path = AppStore.app; sourceTree = BUILT_PRODUCTS_DIR; };
		C63AA0CE29F290FF00C253E0 /* AppDelegate.swift */ = {isa = PBXFileReference; lastKnownFileType = sourcecode.swift; path = AppDelegate.swift; sourceTree = "<group>"; };
		C63AA0D029F290FF00C253E0 /* SceneDelegate.swift */ = {isa = PBXFileReference; lastKnownFileType = sourcecode.swift; path = SceneDelegate.swift; sourceTree = "<group>"; };
		C63AA0D229F290FF00C253E0 /* FeaturedAppController.swift */ = {isa = PBXFileReference; lastKnownFileType = sourcecode.swift; path = FeaturedAppController.swift; sourceTree = "<group>"; };
		C63AA0D529F290FF00C253E0 /* Base */ = {isa = PBXFileReference; lastKnownFileType = file.storyboard; name = Base; path = Base.lproj/Main.storyboard; sourceTree = "<group>"; };
		C63AA0D729F2910300C253E0 /* Assets.xcassets */ = {isa = PBXFileReference; lastKnownFileType = folder.assetcatalog; path = Assets.xcassets; sourceTree = "<group>"; };
		C63AA0DA29F2910300C253E0 /* Base */ = {isa = PBXFileReference; lastKnownFileType = file.storyboard; name = Base; path = Base.lproj/LaunchScreen.storyboard; sourceTree = "<group>"; };
		C63AA0DC29F2910300C253E0 /* Info.plist */ = {isa = PBXFileReference; lastKnownFileType = text.plist.xml; path = Info.plist; sourceTree = "<group>"; };
		C63AA0E229F2925800C253E0 /* CategoryCell.swift */ = {isa = PBXFileReference; lastKnownFileType = sourcecode.swift; path = CategoryCell.swift; sourceTree = "<group>"; };
		C63AA0E429F2C20100C253E0 /* AppCell.swift */ = {isa = PBXFileReference; lastKnownFileType = sourcecode.swift; path = AppCell.swift; sourceTree = "<group>"; };
		C665FDF029F7C25700A2A99A /* AppStoreData.swift */ = {isa = PBXFileReference; lastKnownFileType = sourcecode.swift; path = AppStoreData.swift; sourceTree = "<group>"; };
		C692B3C029F684400051A351 /* Models.swift */ = {isa = PBXFileReference; lastKnownFileType = sourcecode.swift; path = Models.swift; sourceTree = "<group>"; };
		C692B3C229F6BCB90051A351 /* AppManager.swift */ = {isa = PBXFileReference; lastKnownFileType = sourcecode.swift; path = AppManager.swift; sourceTree = "<group>"; };
/* End PBXFileReference section */

/* Begin PBXFrameworksBuildPhase section */
		C63AA0C829F290FF00C253E0 /* Frameworks */ = {
			isa = PBXFrameworksBuildPhase;
			buildActionMask = 2147483647;
			files = (
			);
			runOnlyForDeploymentPostprocessing = 0;
		};
/* End PBXFrameworksBuildPhase section */

/* Begin PBXGroup section */
		C63AA0C229F290FF00C253E0 = {
			isa = PBXGroup;
			children = (
				C63AA0CD29F290FF00C253E0 /* AppStore */,
				C63AA0CC29F290FF00C253E0 /* Products */,
			);
			sourceTree = "<group>";
		};
		C63AA0CC29F290FF00C253E0 /* Products */ = {
			isa = PBXGroup;
			children = (
				C63AA0CB29F290FF00C253E0 /* AppStore.app */,
			);
			name = Products;
			sourceTree = "<group>";
		};
		C63AA0CD29F290FF00C253E0 /* AppStore */ = {
			isa = PBXGroup;
			children = (
				C63AA0CE29F290FF00C253E0 /* AppDelegate.swift */,
				C63AA0D029F290FF00C253E0 /* SceneDelegate.swift */,
				C63AA0D229F290FF00C253E0 /* FeaturedAppController.swift */,
				C63AA0D429F290FF00C253E0 /* Main.storyboard */,
				C63AA0D729F2910300C253E0 /* Assets.xcassets */,
				C63AA0D929F2910300C253E0 /* LaunchScreen.storyboard */,
				C63AA0DC29F2910300C253E0 /* Info.plist */,
				C63AA0E229F2925800C253E0 /* CategoryCell.swift */,
				C63AA0E429F2C20100C253E0 /* AppCell.swift */,
				C692B3C029F684400051A351 /* Models.swift */,
				C692B3C229F6BCB90051A351 /* AppManager.swift */,
				C665FDF029F7C25700A2A99A /* AppStoreData.swift */,
			);
			path = AppStore;
			sourceTree = "<group>";
		};
/* End PBXGroup section */

/* Begin PBXNativeTarget section */
		C63AA0CA29F290FF00C253E0 /* AppStore */ = {
			isa = PBXNativeTarget;
			buildConfigurationList = C63AA0DF29F2910300C253E0 /* Build configuration list for PBXNativeTarget "AppStore" */;
			buildPhases = (
				C63AA0C729F290FF00C253E0 /* Sources */,
				C63AA0C829F290FF00C253E0 /* Frameworks */,
				C63AA0C929F290FF00C253E0 /* Resources */,
			);
			buildRules = (
			);
			dependencies = (
			);
			name = AppStore;
			productName = AppStore;
			productReference = C63AA0CB29F290FF00C253E0 /* AppStore.app */;
			productType = "com.apple.product-type.application";
		};
/* End PBXNativeTarget section */

/* Begin PBXProject section */
		C63AA0C329F290FF00C253E0 /* Project object */ = {
			isa = PBXProject;
			attributes = {
				BuildIndependentTargetsInParallel = 1;
				LastSwiftUpdateCheck = 1420;
				LastUpgradeCheck = 1420;
				TargetAttributes = {
					C63AA0CA29F290FF00C253E0 = {
						CreatedOnToolsVersion = 14.2;
					};
				};
			};
			buildConfigurationList = C63AA0C629F290FF00C253E0 /* Build configuration list for PBXProject "AppStore" */;
			compatibilityVersion = "Xcode 14.0";
			developmentRegion = en;
			hasScannedForEncodings = 0;
			knownRegions = (
				en,
				Base,
			);
			mainGroup = C63AA0C229F290FF00C253E0;
			productRefGroup = C63AA0CC29F290FF00C253E0 /* Products */;
			projectDirPath = "";
			projectRoot = "";
			targets = (
				C63AA0CA29F290FF00C253E0 /* AppStore */,
			);
		};
/* End PBXProject section */

/* Begin PBXResourcesBuildPhase section */
		C63AA0C929F290FF00C253E0 /* Resources */ = {
			isa = PBXResourcesBuildPhase;
			buildActionMask = 2147483647;
			files = (
				C63AA0DB29F2910300C253E0 /* LaunchScreen.storyboard in Resources */,
				C63AA0D829F2910300C253E0 /* Assets.xcassets in Resources */,
				C63AA0D629F290FF00C253E0 /* Main.storyboard in Resources */,
			);
			runOnlyForDeploymentPostprocessing = 0;
		};
/* End PBXResourcesBuildPhase section */

/* Begin PBXSourcesBuildPhase section */
		C63AA0C729F290FF00C253E0 /* Sources */ = {
			isa = PBXSourcesBuildPhase;
			buildActionMask = 2147483647;
			files = (
				C63AA0E529F2C20100C253E0 /* AppCell.swift in Sources */,
				C63AA0D329F290FF00C253E0 /* FeaturedAppController.swift in Sources */,
				C63AA0CF29F290FF00C253E0 /* AppDelegate.swift in Sources */,
				C692B3C129F684400051A351 /* Models.swift in Sources */,
				C63AA0D129F290FF00C253E0 /* SceneDelegate.swift in Sources */,
				C665FDF129F7C25700A2A99A /* AppStoreData.swift in Sources */,
				C63AA0E329F2925800C253E0 /* CategoryCell.swift in Sources */,
				C692B3C329F6BCB90051A351 /* AppManager.swift in Sources */,
			);
			runOnlyForDeploymentPostprocessing = 0;
		};
/* End PBXSourcesBuildPhase section */

/* Begin PBXVariantGroup section */
		C63AA0D429F290FF00C253E0 /* Main.storyboard */ = {
			isa = PBXVariantGroup;
			children = (
				C63AA0D529F290FF00C253E0 /* Base */,
			);
			name = Main.storyboard;
			sourceTree = "<group>";
		};
		C63AA0D929F2910300C253E0 /* LaunchScreen.storyboard */ = {
			isa = PBXVariantGroup;
			children = (
				C63AA0DA29F2910300C253E0 /* Base */,
			);
			name = LaunchScreen.storyboard;
			sourceTree = "<group>";
		};
/* End PBXVariantGroup section */

/* Begin XCBuildConfiguration section */
		C63AA0DD29F2910300C253E0 /* Debug */ = {
			isa = XCBuildConfiguration;
			buildSettings = {
				ALWAYS_SEARCH_USER_PATHS = NO;
				CLANG_ANALYZER_NONNULL = YES;
				CLANG_ANALYZER_NUMBER_OBJECT_CONVERSION = YES_AGGRESSIVE;
				CLANG_CXX_LANGUAGE_STANDARD = "gnu++20";
				CLANG_ENABLE_MODULES = YES;
				CLANG_ENABLE_OBJC_ARC = YES;
				CLANG_ENABLE_OBJC_WEAK = YES;
				CLANG_WARN_BLOCK_CAPTURE_AUTORELEASING = YES;
				CLANG_WARN_BOOL_CONVERSION = YES;
				CLANG_WARN_COMMA = YES;
				CLANG_WARN_CONSTANT_CONVERSION = YES;
				CLANG_WARN_DEPRECATED_OBJC_IMPLEMENTATIONS = YES;
				CLANG_WARN_DIRECT_OBJC_ISA_USAGE = YES_ERROR;
				CLANG_WARN_DOCUMENTATION_COMMENTS = YES;
				CLANG_WARN_EMPTY_BODY = YES;
				CLANG_WARN_ENUM_CONVERSION = YES;
				CLANG_WARN_INFINITE_RECURSION = YES;
				CLANG_WARN_INT_CONVERSION = YES;
				CLANG_WARN_NON_LITERAL_NULL_CONVERSION = YES;
				CLANG_WARN_OBJC_IMPLICIT_RETAIN_SELF = YES;
				CLANG_WARN_OBJC_LITERAL_CONVERSION = YES;
				CLANG_WARN_OBJC_ROOT_CLASS = YES_ERROR;
				CLANG_WARN_QUOTED_INCLUDE_IN_FRAMEWORK_HEADER = YES;
				CLANG_WARN_RANGE_LOOP_ANALYSIS = YES;
				CLANG_WARN_STRICT_PROTOTYPES = YES;
				CLANG_WARN_SUSPICIOUS_MOVE = YES;
				CLANG_WARN_UNGUARDED_AVAILABILITY = YES_AGGRESSIVE;
				CLANG_WARN_UNREACHABLE_CODE = YES;
				CLANG_WARN__DUPLICATE_METHOD_MATCH = YES;
				COPY_PHASE_STRIP = NO;
				DEBUG_INFORMATION_FORMAT = dwarf;
				ENABLE_STRICT_OBJC_MSGSEND = YES;
				ENABLE_TESTABILITY = YES;
				GCC_C_LANGUAGE_STANDARD = gnu11;
				GCC_DYNAMIC_NO_PIC = NO;
				GCC_NO_COMMON_BLOCKS = YES;
				GCC_OPTIMIZATION_LEVEL = 0;
				GCC_PREPROCESSOR_DEFINITIONS = (
					"DEBUG=1",
					"$(inherited)",
				);
				GCC_WARN_64_TO_32_BIT_CONVERSION = YES;
				GCC_WARN_ABOUT_RETURN_TYPE = YES_ERROR;
				GCC_WARN_UNDECLARED_SELECTOR = YES;
				GCC_WARN_UNINITIALIZED_AUTOS = YES_AGGRESSIVE;
				GCC_WARN_UNUSED_FUNCTION = YES;
				GCC_WARN_UNUSED_VARIABLE = YES;
				IPHONEOS_DEPLOYMENT_TARGET = 16.2;
				MTL_ENABLE_DEBUG_INFO = INCLUDE_SOURCE;
				MTL_FAST_MATH = YES;
				ONLY_ACTIVE_ARCH = YES;
				SDKROOT = iphoneos;
				SWIFT_ACTIVE_COMPILATION_CONDITIONS = DEBUG;
				SWIFT_OPTIMIZATION_LEVEL = "-Onone";
			};
			name = Debug;
		};
		C63AA0DE29F2910300C253E0 /* Release */ = {
			isa = XCBuildConfiguration;
			buildSettings = {
				ALWAYS_SEARCH_USER_PATHS = NO;
				CLANG_ANALYZER_NONNULL = YES;
				CLANG_ANALYZER_NUMBER_OBJECT_CONVERSION = YES_AGGRESSIVE;
				CLANG_CXX_LANGUAGE_STANDARD = "gnu++20";
				CLANG_ENABLE_MODULES = YES;
				CLANG_ENABLE_OBJC_ARC = YES;
				CLANG_ENABLE_OBJC_WEAK = YES;
				CLANG_WARN_BLOCK_CAPTURE_AUTORELEASING = YES;
				CLANG_WARN_BOOL_CONVERSION = YES;
				CLANG_WARN_COMMA = YES;
				CLANG_WARN_CONSTANT_CONVERSION = YES;
				CLANG_WARN_DEPRECATED_OBJC_IMPLEMENTATIONS = YES;
				CLANG_WARN_DIRECT_OBJC_ISA_USAGE = YES_ERROR;
				CLANG_WARN_DOCUMENTATION_COMMENTS = YES;
				CLANG_WARN_EMPTY_BODY = YES;
				CLANG_WARN_ENUM_CONVERSION = YES;
				CLANG_WARN_INFINITE_RECURSION = YES;
				CLANG_WARN_INT_CONVERSION = YES;
				CLANG_WARN_NON_LITERAL_NULL_CONVERSION = YES;
				CLANG_WARN_OBJC_IMPLICIT_RETAIN_SELF = YES;
				CLANG_WARN_OBJC_LITERAL_CONVERSION = YES;
				CLANG_WARN_OBJC_ROOT_CLASS = YES_ERROR;
				CLANG_WARN_QUOTED_INCLUDE_IN_FRAMEWORK_HEADER = YES;
				CLANG_WARN_RANGE_LOOP_ANALYSIS = YES;
				CLANG_WARN_STRICT_PROTOTYPES = YES;
				CLANG_WARN_SUSPICIOUS_MOVE = YES;
				CLANG_WARN_UNGUARDED_AVAILABILITY = YES_AGGRESSIVE;
				CLANG_WARN_UNREACHABLE_CODE = YES;
				CLANG_WARN__DUPLICATE_METHOD_MATCH = YES;
				COPY_PHASE_STRIP = NO;
				DEBUG_INFORMATION_FORMAT = "dwarf-with-dsym";
				ENABLE_NS_ASSERTIONS = NO;
				ENABLE_STRICT_OBJC_MSGSEND = YES;
				GCC_C_LANGUAGE_STANDARD = gnu11;
				GCC_NO_COMMON_BLOCKS = YES;
				GCC_WARN_64_TO_32_BIT_CONVERSION = YES;
				GCC_WARN_ABOUT_RETURN_TYPE = YES_ERROR;
				GCC_WARN_UNDECLARED_SELECTOR = YES;
				GCC_WARN_UNINITIALIZED_AUTOS = YES_AGGRESSIVE;
				GCC_WARN_UNUSED_FUNCTION = YES;
				GCC_WARN_UNUSED_VARIABLE = YES;
				IPHONEOS_DEPLOYMENT_TARGET = 16.2;
				MTL_ENABLE_DEBUG_INFO = NO;
				MTL_FAST_MATH = YES;
				SDKROOT = iphoneos;
				SWIFT_COMPILATION_MODE = wholemodule;
				SWIFT_OPTIMIZATION_LEVEL = "-O";
				VALIDATE_PRODUCT = YES;
			};
			name = Release;
		};
		C63AA0E029F2910300C253E0 /* Debug */ = {
			isa = XCBuildConfiguration;
			buildSettings = {
				ASSETCATALOG_COMPILER_APPICON_NAME = AppIcon;
				ASSETCATALOG_COMPILER_GLOBAL_ACCENT_COLOR_NAME = AccentColor;
				CODE_SIGN_STYLE = Automatic;
				CURRENT_PROJECT_VERSION = 1;
				DEVELOPMENT_TEAM = BGM7MLY8F7;
				GENERATE_INFOPLIST_FILE = YES;
				INFOPLIST_FILE = AppStore/Info.plist;
				INFOPLIST_KEY_UIApplicationSupportsIndirectInputEvents = YES;
				INFOPLIST_KEY_UILaunchStoryboardName = LaunchScreen;
				INFOPLIST_KEY_UIMainStoryboardFile = Main;
				INFOPLIST_KEY_UISupportedInterfaceOrientations_iPad = "UIInterfaceOrientationPortrait UIInterfaceOrientationPortraitUpsideDown UIInterfaceOrientationLandscapeLeft UIInterfaceOrientationLandscapeRight";
				INFOPLIST_KEY_UISupportedInterfaceOrientations_iPhone = "UIInterfaceOrientationPortrait UIInterfaceOrientationLandscapeLeft UIInterfaceOrientationLandscapeRight";
				LD_RUNPATH_SEARCH_PATHS = (
					"$(inherited)",
					"@executable_path/Frameworks",
				);
				MARKETING_VERSION = 1.0;
				PRODUCT_BUNDLE_IDENTIFIER = com.angelaterao.AppStore;
				PRODUCT_NAME = "$(TARGET_NAME)";
				SWIFT_EMIT_LOC_STRINGS = YES;
				SWIFT_VERSION = 5.0;
				TARGETED_DEVICE_FAMILY = "1,2";
			};
			name = Debug;
		};
		C63AA0E129F2910300C253E0 /* Release */ = {
			isa = XCBuildConfiguration;
			buildSettings = {
				ASSETCATALOG_COMPILER_APPICON_NAME = AppIcon;
				ASSETCATALOG_COMPILER_GLOBAL_ACCENT_COLOR_NAME = AccentColor;
				CODE_SIGN_STYLE = Automatic;
				CURRENT_PROJECT_VERSION = 1;
				DEVELOPMENT_TEAM = BGM7MLY8F7;
				GENERATE_INFOPLIST_FILE = YES;
				INFOPLIST_FILE = AppStore/Info.plist;
				INFOPLIST_KEY_UIApplicationSupportsIndirectInputEvents = YES;
				INFOPLIST_KEY_UILaunchStoryboardName = LaunchScreen;
				INFOPLIST_KEY_UIMainStoryboardFile = Main;
				INFOPLIST_KEY_UISupportedInterfaceOrientations_iPad = "UIInterfaceOrientationPortrait UIInterfaceOrientationPortraitUpsideDown UIInterfaceOrientationLandscapeLeft UIInterfaceOrientationLandscapeRight";
				INFOPLIST_KEY_UISupportedInterfaceOrientations_iPhone = "UIInterfaceOrientationPortrait UIInterfaceOrientationLandscapeLeft UIInterfaceOrientationLandscapeRight";
				LD_RUNPATH_SEARCH_PATHS = (
					"$(inherited)",
					"@executable_path/Frameworks",
				);
				MARKETING_VERSION = 1.0;
				PRODUCT_BUNDLE_IDENTIFIER = com.angelaterao.AppStore;
				PRODUCT_NAME = "$(TARGET_NAME)";
				SWIFT_EMIT_LOC_STRINGS = YES;
				SWIFT_VERSION = 5.0;
				TARGETED_DEVICE_FAMILY = "1,2";
			};
			name = Release;
		};
/* End XCBuildConfiguration section */

/* Begin XCConfigurationList section */
		C63AA0C629F290FF00C253E0 /* Build configuration list for PBXProject "AppStore" */ = {
			isa = XCConfigurationList;
			buildConfigurations = (
				C63AA0DD29F2910300C253E0 /* Debug */,
				C63AA0DE29F2910300C253E0 /* Release */,
			);
			defaultConfigurationIsVisible = 0;
			defaultConfigurationName = Release;
		};
		C63AA0DF29F2910300C253E0 /* Build configuration list for PBXNativeTarget "AppStore" */ = {
			isa = XCConfigurationList;
			buildConfigurations = (
				C63AA0E029F2910300C253E0 /* Debug */,
				C63AA0E129F2910300C253E0 /* Release */,
			);
			defaultConfigurationIsVisible = 0;
			defaultConfigurationName = Release;
		};
/* End XCConfigurationList section */
	};
	rootObject = C63AA0C329F290FF00C253E0 /* Project object */;
}
